
Microsoft Visual Studio Solution File, Format Version 12.00
# Visual Studio Version 17
VisualStudioVersion = 17.2.32616.157
MinimumVisualStudioVersion = 10.0.40219.1
Project("{FAE04EC0-301F-11D3-BF4B-00C04F79EFBC}") = "TheMakingsOfAProgrammer", "TheMakingsOfAProgrammer.csproj", "{DECD79C2-CB27-49DA-A85E-84B4F217A0F7}"
EndProject
Global
	GlobalSection(SolutionConfigurationPlatforms) = preSolution
		Debug|Any CPU = Debug|Any CPU
		Release|Any CPU = Release|Any CPU
	EndGlobalSection
	GlobalSection(ProjectConfigurationPlatforms) = postSolution
		{DECD79C2-CB27-49DA-A85E-84B4F217A0F7}.Debug|Any CPU.ActiveCfg = Debug|Any CPU
		{DECD79C2-CB27-49DA-A85E-84B4F217A0F7}.Debug|Any CPU.Build.0 = Debug|Any CPU
		{DECD79C2-CB27-49DA-A85E-84B4F217A0F7}.Release|Any CPU.ActiveCfg = Release|Any CPU
		{DECD79C2-CB27-49DA-A85E-84B4F217A0F7}.Release|Any CPU.Build.0 = Release|Any CPU
	EndGlobalSection
	GlobalSection(SolutionProperties) = preSolution
		HideSolutionNode = FALSE
	EndGlobalSection
	GlobalSection(ExtensibilityGlobals) = postSolution
		SolutionGuid = {D6DCFEE2-F8B3-4EE6-9918-0E987FA6D468}
	EndGlobalSection
EndGlobal
