
Microsoft Visual Studio Solution File, Format Version 12.00
# Visual Studio Version 17
VisualStudioVersion = 17.2.32616.157
MinimumVisualStudioVersion = 10.0.40219.1
Project("{FAE04EC0-301F-11D3-BF4B-00C04F79EFBC}") = "CSharpPlayersGuide5thEdition", "CSharpPlayersGuide5thEdition\CSharpPlayersGuide5thEdition.csproj", "{223633E7-9BED-4D1C-B9CF-590300975F78}"
EndProject
Global
	GlobalSection(SolutionConfigurationPlatforms) = preSolution
		Debug|Any CPU = Debug|Any CPU
		Release|Any CPU = Release|Any CPU
	EndGlobalSection
	GlobalSection(ProjectConfigurationPlatforms) = postSolution
		{223633E7-9BED-4D1C-B9CF-590300975F78}.Debug|Any CPU.ActiveCfg = Debug|Any CPU
		{223633E7-9BED-4D1C-B9CF-590300975F78}.Debug|Any CPU.Build.0 = Debug|Any CPU
		{223633E7-9BED-4D1C-B9CF-590300975F78}.Release|Any CPU.ActiveCfg = Release|Any CPU
		{223633E7-9BED-4D1C-B9CF-590300975F78}.Release|Any CPU.Build.0 = Release|Any CPU
	EndGlobalSection
	GlobalSection(SolutionProperties) = preSolution
		HideSolutionNode = FALSE
	EndGlobalSection
	GlobalSection(ExtensibilityGlobals) = postSolution
		SolutionGuid = {4960E6DC-3F39-4DFE-96BD-93358902E927}
	EndGlobalSection
EndGlobal
