
Microsoft Visual Studio Solution File, Format Version 12.00
# Visual Studio Version 17
VisualStudioVersion = 17.4.33122.133
MinimumVisualStudioVersion = 10.0.40219.1
Project("{FAE04EC0-301F-11D3-BF4B-00C04F79EFBC}") = "RockPaperScissors", "RockPaperScissors.csproj", "{4E4304FC-402C-441A-A76D-A40FE28B8523}"
EndProject
Global
	GlobalSection(SolutionConfigurationPlatforms) = preSolution
		Debug|Any CPU = Debug|Any CPU
		Release|Any CPU = Release|Any CPU
	EndGlobalSection
	GlobalSection(ProjectConfigurationPlatforms) = postSolution
		{4E4304FC-402C-441A-A76D-A40FE28B8523}.Debug|Any CPU.ActiveCfg = Debug|Any CPU
		{4E4304FC-402C-441A-A76D-A40FE28B8523}.Debug|Any CPU.Build.0 = Debug|Any CPU
		{4E4304FC-402C-441A-A76D-A40FE28B8523}.Release|Any CPU.ActiveCfg = Release|Any CPU
		{4E4304FC-402C-441A-A76D-A40FE28B8523}.Release|Any CPU.Build.0 = Release|Any CPU
	EndGlobalSection
	GlobalSection(SolutionProperties) = preSolution
		HideSolutionNode = FALSE
	EndGlobalSection
	GlobalSection(ExtensibilityGlobals) = postSolution
		SolutionGuid = {1EE1428E-03EC-49A2-A56F-DEFC40E37237}
	EndGlobalSection
EndGlobal
