
Microsoft Visual Studio Solution File, Format Version 12.00
# Visual Studio Version 17
VisualStudioVersion = 17.4.33122.133
MinimumVisualStudioVersion = 10.0.40219.1
Project("{FAE04EC0-301F-11D3-BF4B-00C04F79EFBC}") = "PackingInventory", "PackingInventory.csproj", "{FD1B3989-B90B-46E0-9CBE-8D5620DCAE8D}"
EndProject
Global
	GlobalSection(SolutionConfigurationPlatforms) = preSolution
		Debug|Any CPU = Debug|Any CPU
		Release|Any CPU = Release|Any CPU
	EndGlobalSection
	GlobalSection(ProjectConfigurationPlatforms) = postSolution
		{FD1B3989-B90B-46E0-9CBE-8D5620DCAE8D}.Debug|Any CPU.ActiveCfg = Debug|Any CPU
		{FD1B3989-B90B-46E0-9CBE-8D5620DCAE8D}.Debug|Any CPU.Build.0 = Debug|Any CPU
		{FD1B3989-B90B-46E0-9CBE-8D5620DCAE8D}.Release|Any CPU.ActiveCfg = Release|Any CPU
		{FD1B3989-B90B-46E0-9CBE-8D5620DCAE8D}.Release|Any CPU.Build.0 = Release|Any CPU
	EndGlobalSection
	GlobalSection(SolutionProperties) = preSolution
		HideSolutionNode = FALSE
	EndGlobalSection
	GlobalSection(ExtensibilityGlobals) = postSolution
		SolutionGuid = {283E0761-9A83-4BE4-BBE8-B0E66336CECB}
	EndGlobalSection
EndGlobal
