
Microsoft Visual Studio Solution File, Format Version 12.00
# Visual Studio Version 17
VisualStudioVersion = 17.2.32616.157
MinimumVisualStudioVersion = 10.0.40219.1
Project("{FAE04EC0-301F-11D3-BF4B-00C04F79EFBC}") = "TheVariableShopReturns", "TheVariableShopReturns.csproj", "{D51760E4-BD28-4CA3-83C3-1034997EBA2F}"
EndProject
Global
	GlobalSection(SolutionConfigurationPlatforms) = preSolution
		Debug|Any CPU = Debug|Any CPU
		Release|Any CPU = Release|Any CPU
	EndGlobalSection
	GlobalSection(ProjectConfigurationPlatforms) = postSolution
		{D51760E4-BD28-4CA3-83C3-1034997EBA2F}.Debug|Any CPU.ActiveCfg = Debug|Any CPU
		{D51760E4-BD28-4CA3-83C3-1034997EBA2F}.Debug|Any CPU.Build.0 = Debug|Any CPU
		{D51760E4-BD28-4CA3-83C3-1034997EBA2F}.Release|Any CPU.ActiveCfg = Release|Any CPU
		{D51760E4-BD28-4CA3-83C3-1034997EBA2F}.Release|Any CPU.Build.0 = Release|Any CPU
	EndGlobalSection
	GlobalSection(SolutionProperties) = preSolution
		HideSolutionNode = FALSE
	EndGlobalSection
	GlobalSection(ExtensibilityGlobals) = postSolution
		SolutionGuid = {208842B8-5D23-4F1E-B096-365D430E2CE3}
	EndGlobalSection
EndGlobal
