
Microsoft Visual Studio Solution File, Format Version 12.00
# Visual Studio Version 17
VisualStudioVersion = 17.4.33122.133
MinimumVisualStudioVersion = 10.0.40219.1
Project("{FAE04EC0-301F-11D3-BF4B-00C04F79EFBC}") = "SimulasTest", "SimulasTest.csproj", "{4CB40941-C67B-4A2B-ABE3-9F7F040AF0A0}"
EndProject
Global
	GlobalSection(SolutionConfigurationPlatforms) = preSolution
		Debug|Any CPU = Debug|Any CPU
		Release|Any CPU = Release|Any CPU
	EndGlobalSection
	GlobalSection(ProjectConfigurationPlatforms) = postSolution
		{4CB40941-C67B-4A2B-ABE3-9F7F040AF0A0}.Debug|Any CPU.ActiveCfg = Debug|Any CPU
		{4CB40941-C67B-4A2B-ABE3-9F7F040AF0A0}.Debug|Any CPU.Build.0 = Debug|Any CPU
		{4CB40941-C67B-4A2B-ABE3-9F7F040AF0A0}.Release|Any CPU.ActiveCfg = Release|Any CPU
		{4CB40941-C67B-4A2B-ABE3-9F7F040AF0A0}.Release|Any CPU.Build.0 = Release|Any CPU
	EndGlobalSection
	GlobalSection(SolutionProperties) = preSolution
		HideSolutionNode = FALSE
	EndGlobalSection
	GlobalSection(ExtensibilityGlobals) = postSolution
		SolutionGuid = {A86AE30C-E47F-478F-999D-CA0C455C47D1}
	EndGlobalSection
EndGlobal
