
Microsoft Visual Studio Solution File, Format Version 12.00
# Visual Studio Version 17
VisualStudioVersion = 17.2.32616.157
MinimumVisualStudioVersion = 10.0.40219.1
Project("{FAE04EC0-301F-11D3-BF4B-00C04F79EFBC}") = "TheThingNamer3000", "TheThingNamer3000.csproj", "{E5F61E6D-81EC-459C-B0D6-E9BA86ADC260}"
EndProject
Global
	GlobalSection(SolutionConfigurationPlatforms) = preSolution
		Debug|Any CPU = Debug|Any CPU
		Release|Any CPU = Release|Any CPU
	EndGlobalSection
	GlobalSection(ProjectConfigurationPlatforms) = postSolution
		{E5F61E6D-81EC-459C-B0D6-E9BA86ADC260}.Debug|Any CPU.ActiveCfg = Debug|Any CPU
		{E5F61E6D-81EC-459C-B0D6-E9BA86ADC260}.Debug|Any CPU.Build.0 = Debug|Any CPU
		{E5F61E6D-81EC-459C-B0D6-E9BA86ADC260}.Release|Any CPU.ActiveCfg = Release|Any CPU
		{E5F61E6D-81EC-459C-B0D6-E9BA86ADC260}.Release|Any CPU.Build.0 = Release|Any CPU
	EndGlobalSection
	GlobalSection(SolutionProperties) = preSolution
		HideSolutionNode = FALSE
	EndGlobalSection
	GlobalSection(ExtensibilityGlobals) = postSolution
		SolutionGuid = {BE653EDF-7FF3-452F-AECF-DF0F6496F652}
	EndGlobalSection
EndGlobal
