
Microsoft Visual Studio Solution File, Format Version 12.00
# Visual Studio Version 17
VisualStudioVersion = 17.4.33122.133
MinimumVisualStudioVersion = 10.0.40219.1
Project("{FAE04EC0-301F-11D3-BF4B-00C04F79EFBC}") = "TheLockedDoor", "TheLockedDoor.csproj", "{10A08CAE-5016-4CCC-AEDB-CFA8D082C656}"
EndProject
Global
	GlobalSection(SolutionConfigurationPlatforms) = preSolution
		Debug|Any CPU = Debug|Any CPU
		Release|Any CPU = Release|Any CPU
	EndGlobalSection
	GlobalSection(ProjectConfigurationPlatforms) = postSolution
		{10A08CAE-5016-4CCC-AEDB-CFA8D082C656}.Debug|Any CPU.ActiveCfg = Debug|Any CPU
		{10A08CAE-5016-4CCC-AEDB-CFA8D082C656}.Debug|Any CPU.Build.0 = Debug|Any CPU
		{10A08CAE-5016-4CCC-AEDB-CFA8D082C656}.Release|Any CPU.ActiveCfg = Release|Any CPU
		{10A08CAE-5016-4CCC-AEDB-CFA8D082C656}.Release|Any CPU.Build.0 = Release|Any CPU
	EndGlobalSection
	GlobalSection(SolutionProperties) = preSolution
		HideSolutionNode = FALSE
	EndGlobalSection
	GlobalSection(ExtensibilityGlobals) = postSolution
		SolutionGuid = {AADAA496-687E-4743-A1AA-91489B558E22}
	EndGlobalSection
EndGlobal
