
Microsoft Visual Studio Solution File, Format Version 12.00
# Visual Studio Version 17
VisualStudioVersion = 17.2.32616.157
MinimumVisualStudioVersion = 10.0.40219.1
Project("{FAE04EC0-301F-11D3-BF4B-00C04F79EFBC}") = "HelloWorld", "HelloWorld.csproj", "{033AF27E-32EF-44BE-A6BC-AE4F9C4B55B2}"
EndProject
Global
	GlobalSection(SolutionConfigurationPlatforms) = preSolution
		Debug|Any CPU = Debug|Any CPU
		Release|Any CPU = Release|Any CPU
	EndGlobalSection
	GlobalSection(ProjectConfigurationPlatforms) = postSolution
		{033AF27E-32EF-44BE-A6BC-AE4F9C4B55B2}.Debug|Any CPU.ActiveCfg = Debug|Any CPU
		{033AF27E-32EF-44BE-A6BC-AE4F9C4B55B2}.Debug|Any CPU.Build.0 = Debug|Any CPU
		{033AF27E-32EF-44BE-A6BC-AE4F9C4B55B2}.Release|Any CPU.ActiveCfg = Release|Any CPU
		{033AF27E-32EF-44BE-A6BC-AE4F9C4B55B2}.Release|Any CPU.Build.0 = Release|Any CPU
	EndGlobalSection
	GlobalSection(SolutionProperties) = preSolution
		HideSolutionNode = FALSE
	EndGlobalSection
	GlobalSection(ExtensibilityGlobals) = postSolution
		SolutionGuid = {46EB34AC-9788-4AFC-BBEF-FC431EF27805}
	EndGlobalSection
EndGlobal
