
Microsoft Visual Studio Solution File, Format Version 12.00
# Visual Studio Version 17
VisualStudioVersion = 17.4.33122.133
MinimumVisualStudioVersion = 10.0.40219.1
Project("{FAE04EC0-301F-11D3-BF4B-00C04F79EFBC}") = "TheColor", "TheColor.csproj", "{4E08CECC-A3B6-4D8C-81B1-C9EBDD1538FC}"
EndProject
Global
	GlobalSection(SolutionConfigurationPlatforms) = preSolution
		Debug|Any CPU = Debug|Any CPU
		Release|Any CPU = Release|Any CPU
	EndGlobalSection
	GlobalSection(ProjectConfigurationPlatforms) = postSolution
		{4E08CECC-A3B6-4D8C-81B1-C9EBDD1538FC}.Debug|Any CPU.ActiveCfg = Debug|Any CPU
		{4E08CECC-A3B6-4D8C-81B1-C9EBDD1538FC}.Debug|Any CPU.Build.0 = Debug|Any CPU
		{4E08CECC-A3B6-4D8C-81B1-C9EBDD1538FC}.Release|Any CPU.ActiveCfg = Release|Any CPU
		{4E08CECC-A3B6-4D8C-81B1-C9EBDD1538FC}.Release|Any CPU.Build.0 = Release|Any CPU
	EndGlobalSection
	GlobalSection(SolutionProperties) = preSolution
		HideSolutionNode = FALSE
	EndGlobalSection
	GlobalSection(ExtensibilityGlobals) = postSolution
		SolutionGuid = {F03D7B9A-18F6-47BB-8DD7-BAFA1EA53B53}
	EndGlobalSection
EndGlobal
