
Microsoft Visual Studio Solution File, Format Version 12.00
# Visual Studio Version 17
VisualStudioVersion = 17.2.32616.157
MinimumVisualStudioVersion = 10.0.40219.1
Project("{FAE04EC0-301F-11D3-BF4B-00C04F79EFBC}") = "TheDefenseOfConsolas", "TheDefenseOfConsolas.csproj", "{FACFDB4A-DE30-4929-AF89-165D146107EB}"
EndProject
Global
	GlobalSection(SolutionConfigurationPlatforms) = preSolution
		Debug|Any CPU = Debug|Any CPU
		Release|Any CPU = Release|Any CPU
	EndGlobalSection
	GlobalSection(ProjectConfigurationPlatforms) = postSolution
		{FACFDB4A-DE30-4929-AF89-165D146107EB}.Debug|Any CPU.ActiveCfg = Debug|Any CPU
		{FACFDB4A-DE30-4929-AF89-165D146107EB}.Debug|Any CPU.Build.0 = Debug|Any CPU
		{FACFDB4A-DE30-4929-AF89-165D146107EB}.Release|Any CPU.ActiveCfg = Release|Any CPU
		{FACFDB4A-DE30-4929-AF89-165D146107EB}.Release|Any CPU.Build.0 = Release|Any CPU
	EndGlobalSection
	GlobalSection(SolutionProperties) = preSolution
		HideSolutionNode = FALSE
	EndGlobalSection
	GlobalSection(ExtensibilityGlobals) = postSolution
		SolutionGuid = {7377B6F2-C8A0-45CC-B533-0F3C94BAA6C0}
	EndGlobalSection
EndGlobal
