
Microsoft Visual Studio Solution File, Format Version 12.00
# Visual Studio Version 17
VisualStudioVersion = 17.2.32616.157
MinimumVisualStudioVersion = 10.0.40219.1
Project("{FAE04EC0-301F-11D3-BF4B-00C04F79EFBC}") = "BuyingInventory", "BuyingInventory.csproj", "{1A4155DD-D8DE-4111-9F79-2A0B5184CF79}"
EndProject
Global
	GlobalSection(SolutionConfigurationPlatforms) = preSolution
		Debug|Any CPU = Debug|Any CPU
		Release|Any CPU = Release|Any CPU
	EndGlobalSection
	GlobalSection(ProjectConfigurationPlatforms) = postSolution
		{1A4155DD-D8DE-4111-9F79-2A0B5184CF79}.Debug|Any CPU.ActiveCfg = Debug|Any CPU
		{1A4155DD-D8DE-4111-9F79-2A0B5184CF79}.Debug|Any CPU.Build.0 = Debug|Any CPU
		{1A4155DD-D8DE-4111-9F79-2A0B5184CF79}.Release|Any CPU.ActiveCfg = Release|Any CPU
		{1A4155DD-D8DE-4111-9F79-2A0B5184CF79}.Release|Any CPU.Build.0 = Release|Any CPU
	EndGlobalSection
	GlobalSection(SolutionProperties) = preSolution
		HideSolutionNode = FALSE
	EndGlobalSection
	GlobalSection(ExtensibilityGlobals) = postSolution
		SolutionGuid = {7E8FFC45-8BA5-4352-882C-1321667CE52A}
	EndGlobalSection
EndGlobal
